
Microsoft Visual Studio Solution File, Format Version 12.00
# Visual Studio Version 17
VisualStudioVersion = 17.5.002.0
MinimumVisualStudioVersion = 10.0.40219.1
Project("{9A19103F-16F7-4668-BE54-9A1E7A4F7556}") = "backend", "backend\backend.csproj", "{5AD18CE1-0720-4D00-8336-A22885BF3FCB}"
EndProject
Global
	GlobalSection(SolutionConfigurationPlatforms) = preSolution
		Debug|Any CPU = Debug|Any CPU
		Release|Any CPU = Release|Any CPU
	EndGlobalSection
	GlobalSection(ProjectConfigurationPlatforms) = postSolution
		{5AD18CE1-0720-4D00-8336-A22885BF3FCB}.Debug|Any CPU.ActiveCfg = Debug|Any CPU
		{5AD18CE1-0720-4D00-8336-A22885BF3FCB}.Debug|Any CPU.Build.0 = Debug|Any CPU
		{5AD18CE1-0720-4D00-8336-A22885BF3FCB}.Release|Any CPU.ActiveCfg = Release|Any CPU
		{5AD18CE1-0720-4D00-8336-A22885BF3FCB}.Release|Any CPU.Build.0 = Release|Any CPU
	EndGlobalSection
	GlobalSection(SolutionProperties) = preSolution
		HideSolutionNode = FALSE
	EndGlobalSection
	GlobalSection(ExtensibilityGlobals) = postSolution
		SolutionGuid = {E5A1F9EB-AF9E-4B70-BF5E-256BDF394786}
	EndGlobalSection
EndGlobal
